
Microsoft Visual Studio Solution File, Format Version 12.00
# Visual Studio Version 17
VisualStudioVersion = 17.4.33403.182
MinimumVisualStudioVersion = 10.0.40219.1
Project("{FAE04EC0-301F-11D3-BF4B-00C04F79EFBC}") = "online-course-setup-db", "online-course-setup-db\online-course-setup-db.csproj", "{156DAB75-0DE2-4637-A08F-C5BB27A36757}"
EndProject
Global
	GlobalSection(SolutionConfigurationPlatforms) = preSolution
		Debug|Any CPU = Debug|Any CPU
		Release|Any CPU = Release|Any CPU
	EndGlobalSection
	GlobalSection(ProjectConfigurationPlatforms) = postSolution
		{156DAB75-0DE2-4637-A08F-C5BB27A36757}.Debug|Any CPU.ActiveCfg = Debug|Any CPU
		{156DAB75-0DE2-4637-A08F-C5BB27A36757}.Debug|Any CPU.Build.0 = Debug|Any CPU
		{156DAB75-0DE2-4637-A08F-C5BB27A36757}.Release|Any CPU.ActiveCfg = Release|Any CPU
		{156DAB75-0DE2-4637-A08F-C5BB27A36757}.Release|Any CPU.Build.0 = Release|Any CPU
	EndGlobalSection
	GlobalSection(SolutionProperties) = preSolution
		HideSolutionNode = FALSE
	EndGlobalSection
	GlobalSection(ExtensibilityGlobals) = postSolution
		SolutionGuid = {786F8DFE-D44D-4175-9035-A7C6BEE5393B}
	EndGlobalSection
EndGlobal
